// !$*UTF8*$!
{
	archiveVersion = 1;
	classes = {
	};
	objectVersion = 56;
	objects = {

/* Begin PBXBuildFile section */
		2F17A41B29FC651B002331F5 /* DetailView2.swift in Sources */ = {isa = PBXBuildFile; fileRef = 2F17A41A29FC651B002331F5 /* DetailView2.swift */; };
		2F18C82829F57EB0002E058D /* MovieCompanionApp.swift in Sources */ = {isa = PBXBuildFile; fileRef = 2F18C82729F57EB0002E058D /* MovieCompanionApp.swift */; };
		2F18C82A29F57EB0002E058D /* MovieListView.swift in Sources */ = {isa = PBXBuildFile; fileRef = 2F18C82929F57EB0002E058D /* MovieListView.swift */; };
		2F18C82C29F57EB2002E058D /* Assets.xcassets in Resources */ = {isa = PBXBuildFile; fileRef = 2F18C82B29F57EB2002E058D /* Assets.xcassets */; };
		2F18C82F29F57EB2002E058D /* Preview Assets.xcassets in Resources */ = {isa = PBXBuildFile; fileRef = 2F18C82E29F57EB2002E058D /* Preview Assets.xcassets */; };
		2F18C83829F57F9F002E058D /* Movie.swift in Sources */ = {isa = PBXBuildFile; fileRef = 2F18C83729F57F9F002E058D /* Movie.swift */; };
		2F18C83A29F5823F002E058D /* MovieViewModel.swift in Sources */ = {isa = PBXBuildFile; fileRef = 2F18C83929F5823F002E058D /* MovieViewModel.swift */; };
		2F294BC129FC27D4009B90F6 /* Leaderboard.swift in Sources */ = {isa = PBXBuildFile; fileRef = 2F294BC029FC27D4009B90F6 /* Leaderboard.swift */; };
		2F294BC329FC2815009B90F6 /* LeaderboardViewModel.swift in Sources */ = {isa = PBXBuildFile; fileRef = 2F294BC229FC2815009B90F6 /* LeaderboardViewModel.swift */; };
		2F294BC529FC2995009B90F6 /* LeaderboardView.swift in Sources */ = {isa = PBXBuildFile; fileRef = 2F294BC429FC2995009B90F6 /* LeaderboardView.swift */; };
		2F76417E29F72CC900C16A5A /* MovieQuizView.swift in Sources */ = {isa = PBXBuildFile; fileRef = 2F76417D29F72CC900C16A5A /* MovieQuizView.swift */; };
		2F8A23C129FC58340037CB5D /* MainPageView.swift in Sources */ = {isa = PBXBuildFile; fileRef = 2F8A23C029FC58340037CB5D /* MainPageView.swift */; };
/* End PBXBuildFile section */

/* Begin PBXFileReference section */
		2F17A41A29FC651B002331F5 /* DetailView2.swift */ = {isa = PBXFileReference; lastKnownFileType = sourcecode.swift; path = DetailView2.swift; sourceTree = "<group>"; };
		2F18C82429F57EB0002E058D /* MovieCompanion.app */ = {isa = PBXFileReference; explicitFileType = wrapper.application; includeInIndex = 0; path = MovieCompanion.app; sourceTree = BUILT_PRODUCTS_DIR; };
		2F18C82729F57EB0002E058D /* MovieCompanionApp.swift */ = {isa = PBXFileReference; lastKnownFileType = sourcecode.swift; path = MovieCompanionApp.swift; sourceTree = "<group>"; };
		2F18C82929F57EB0002E058D /* MovieListView.swift */ = {isa = PBXFileReference; lastKnownFileType = sourcecode.swift; path = MovieListView.swift; sourceTree = "<group>"; };
		2F18C82B29F57EB2002E058D /* Assets.xcassets */ = {isa = PBXFileReference; lastKnownFileType = folder.assetcatalog; path = Assets.xcassets; sourceTree = "<group>"; };
		2F18C82E29F57EB2002E058D /* Preview Assets.xcassets */ = {isa = PBXFileReference; lastKnownFileType = folder.assetcatalog; path = "Preview Assets.xcassets"; sourceTree = "<group>"; };
		2F18C83729F57F9F002E058D /* Movie.swift */ = {isa = PBXFileReference; lastKnownFileType = sourcecode.swift; path = Movie.swift; sourceTree = "<group>"; };
		2F18C83929F5823F002E058D /* MovieViewModel.swift */ = {isa = PBXFileReference; lastKnownFileType = sourcecode.swift; path = MovieViewModel.swift; sourceTree = "<group>"; };
		2F294BC029FC27D4009B90F6 /* Leaderboard.swift */ = {isa = PBXFileReference; lastKnownFileType = sourcecode.swift; path = Leaderboard.swift; sourceTree = "<group>"; };
		2F294BC229FC2815009B90F6 /* LeaderboardViewModel.swift */ = {isa = PBXFileReference; lastKnownFileType = sourcecode.swift; path = LeaderboardViewModel.swift; sourceTree = "<group>"; };
		2F294BC429FC2995009B90F6 /* LeaderboardView.swift */ = {isa = PBXFileReference; lastKnownFileType = sourcecode.swift; path = LeaderboardView.swift; sourceTree = "<group>"; };
		2F76417D29F72CC900C16A5A /* MovieQuizView.swift */ = {isa = PBXFileReference; lastKnownFileType = sourcecode.swift; path = MovieQuizView.swift; sourceTree = "<group>"; };
		2F80051B29FD6F9800DC293B /* Info.plist */ = {isa = PBXFileReference; lastKnownFileType = text.plist; path = Info.plist; sourceTree = "<group>"; };
		2F8A23C029FC58340037CB5D /* MainPageView.swift */ = {isa = PBXFileReference; lastKnownFileType = sourcecode.swift; path = MainPageView.swift; sourceTree = "<group>"; };
/* End PBXFileReference section */

/* Begin PBXFrameworksBuildPhase section */
		2F18C82129F57EB0002E058D /* Frameworks */ = {
			isa = PBXFrameworksBuildPhase;
			buildActionMask = 2147483647;
			files = (
			);
			runOnlyForDeploymentPostprocessing = 0;
		};
/* End PBXFrameworksBuildPhase section */

/* Begin PBXGroup section */
		2F18C81B29F57EB0002E058D = {
			isa = PBXGroup;
			children = (
				2F18C82629F57EB0002E058D /* MovieCompanion */,
				2F18C82529F57EB0002E058D /* Products */,
			);
			sourceTree = "<group>";
		};
		2F18C82529F57EB0002E058D /* Products */ = {
			isa = PBXGroup;
			children = (
				2F18C82429F57EB0002E058D /* MovieCompanion.app */,
			);
			name = Products;
			sourceTree = "<group>";
		};
		2F18C82629F57EB0002E058D /* MovieCompanion */ = {
			isa = PBXGroup;
			children = (
				2F80051B29FD6F9800DC293B /* Info.plist */,
				2F18C82729F57EB0002E058D /* MovieCompanionApp.swift */,
				2F18C82929F57EB0002E058D /* MovieListView.swift */,
				2F8A23C029FC58340037CB5D /* MainPageView.swift */,
				2F76417D29F72CC900C16A5A /* MovieQuizView.swift */,
				2F294BC429FC2995009B90F6 /* LeaderboardView.swift */,
				2F17A41A29FC651B002331F5 /* DetailView2.swift */,
				2F18C83729F57F9F002E058D /* Movie.swift */,
				2F294BC029FC27D4009B90F6 /* Leaderboard.swift */,
				2F18C83929F5823F002E058D /* MovieViewModel.swift */,
				2F294BC229FC2815009B90F6 /* LeaderboardViewModel.swift */,
				2F18C82B29F57EB2002E058D /* Assets.xcassets */,
				2F18C82D29F57EB2002E058D /* Preview Content */,
			);
			path = MovieCompanion;
			sourceTree = "<group>";
		};
		2F18C82D29F57EB2002E058D /* Preview Content */ = {
			isa = PBXGroup;
			children = (
				2F18C82E29F57EB2002E058D /* Preview Assets.xcassets */,
			);
			path = "Preview Content";
			sourceTree = "<group>";
		};
/* End PBXGroup section */

/* Begin PBXNativeTarget section */
		2F18C82329F57EB0002E058D /* MovieCompanion */ = {
			isa = PBXNativeTarget;
			buildConfigurationList = 2F18C83229F57EB2002E058D /* Build configuration list for PBXNativeTarget "MovieCompanion" */;
			buildPhases = (
				2F18C82029F57EB0002E058D /* Sources */,
				2F18C82129F57EB0002E058D /* Frameworks */,
				2F18C82229F57EB0002E058D /* Resources */,
			);
			buildRules = (
			);
			dependencies = (
			);
			name = MovieCompanion;
			productName = MovieCompanion;
			productReference = 2F18C82429F57EB0002E058D /* MovieCompanion.app */;
			productType = "com.apple.product-type.application";
		};
/* End PBXNativeTarget section */

/* Begin PBXProject section */
		2F18C81C29F57EB0002E058D /* Project object */ = {
			isa = PBXProject;
			attributes = {
				BuildIndependentTargetsInParallel = 1;
				LastSwiftUpdateCheck = 1430;
				LastUpgradeCheck = 1430;
				TargetAttributes = {
					2F18C82329F57EB0002E058D = {
						CreatedOnToolsVersion = 14.3;
					};
				};
			};
			buildConfigurationList = 2F18C81F29F57EB0002E058D /* Build configuration list for PBXProject "MovieCompanion" */;
			compatibilityVersion = "Xcode 14.0";
			developmentRegion = en;
			hasScannedForEncodings = 0;
			knownRegions = (
				en,
				Base,
			);
			mainGroup = 2F18C81B29F57EB0002E058D;
			productRefGroup = 2F18C82529F57EB0002E058D /* Products */;
			projectDirPath = "";
			projectRoot = "";
			targets = (
				2F18C82329F57EB0002E058D /* MovieCompanion */,
			);
		};
/* End PBXProject section */

/* Begin PBXResourcesBuildPhase section */
		2F18C82229F57EB0002E058D /* Resources */ = {
			isa = PBXResourcesBuildPhase;
			buildActionMask = 2147483647;
			files = (
				2F18C82F29F57EB2002E058D /* Preview Assets.xcassets in Resources */,
				2F18C82C29F57EB2002E058D /* Assets.xcassets in Resources */,
			);
			runOnlyForDeploymentPostprocessing = 0;
		};
/* End PBXResourcesBuildPhase section */

/* Begin PBXSourcesBuildPhase section */
		2F18C82029F57EB0002E058D /* Sources */ = {
			isa = PBXSourcesBuildPhase;
			buildActionMask = 2147483647;
			files = (
				2F294BC329FC2815009B90F6 /* LeaderboardViewModel.swift in Sources */,
				2F18C82A29F57EB0002E058D /* MovieListView.swift in Sources */,
				2F8A23C129FC58340037CB5D /* MainPageView.swift in Sources */,
				2F18C82829F57EB0002E058D /* MovieCompanionApp.swift in Sources */,
				2F76417E29F72CC900C16A5A /* MovieQuizView.swift in Sources */,
				2F294BC529FC2995009B90F6 /* LeaderboardView.swift in Sources */,
				2F294BC129FC27D4009B90F6 /* Leaderboard.swift in Sources */,
				2F17A41B29FC651B002331F5 /* DetailView2.swift in Sources */,
				2F18C83829F57F9F002E058D /* Movie.swift in Sources */,
				2F18C83A29F5823F002E058D /* MovieViewModel.swift in Sources */,
			);
			runOnlyForDeploymentPostprocessing = 0;
		};
/* End PBXSourcesBuildPhase section */

/* Begin XCBuildConfiguration section */
		2F18C83029F57EB2002E058D /* Debug */ = {
			isa = XCBuildConfiguration;
			buildSettings = {
				ALWAYS_SEARCH_USER_PATHS = NO;
				CLANG_ANALYZER_NONNULL = YES;
				CLANG_ANALYZER_NUMBER_OBJECT_CONVERSION = YES_AGGRESSIVE;
				CLANG_CXX_LANGUAGE_STANDARD = "gnu++20";
				CLANG_ENABLE_MODULES = YES;
				CLANG_ENABLE_OBJC_ARC = YES;
				CLANG_ENABLE_OBJC_WEAK = YES;
				CLANG_WARN_BLOCK_CAPTURE_AUTORELEASING = YES;
				CLANG_WARN_BOOL_CONVERSION = YES;
				CLANG_WARN_COMMA = YES;
				CLANG_WARN_CONSTANT_CONVERSION = YES;
				CLANG_WARN_DEPRECATED_OBJC_IMPLEMENTATIONS = YES;
				CLANG_WARN_DIRECT_OBJC_ISA_USAGE = YES_ERROR;
				CLANG_WARN_DOCUMENTATION_COMMENTS = YES;
				CLANG_WARN_EMPTY_BODY = YES;
				CLANG_WARN_ENUM_CONVERSION = YES;
				CLANG_WARN_INFINITE_RECURSION = YES;
				CLANG_WARN_INT_CONVERSION = YES;
				CLANG_WARN_NON_LITERAL_NULL_CONVERSION = YES;
				CLANG_WARN_OBJC_IMPLICIT_RETAIN_SELF = YES;
				CLANG_WARN_OBJC_LITERAL_CONVERSION = YES;
				CLANG_WARN_OBJC_ROOT_CLASS = YES_ERROR;
				CLANG_WARN_QUOTED_INCLUDE_IN_FRAMEWORK_HEADER = YES;
				CLANG_WARN_RANGE_LOOP_ANALYSIS = YES;
				CLANG_WARN_STRICT_PROTOTYPES = YES;
				CLANG_WARN_SUSPICIOUS_MOVE = YES;
				CLANG_WARN_UNGUARDED_AVAILABILITY = YES_AGGRESSIVE;
				CLANG_WARN_UNREACHABLE_CODE = YES;
				CLANG_WARN__DUPLICATE_METHOD_MATCH = YES;
				COPY_PHASE_STRIP = NO;
				DEBUG_INFORMATION_FORMAT = dwarf;
				ENABLE_STRICT_OBJC_MSGSEND = YES;
				ENABLE_TESTABILITY = YES;
				GCC_C_LANGUAGE_STANDARD = gnu11;
				GCC_DYNAMIC_NO_PIC = NO;
				GCC_NO_COMMON_BLOCKS = YES;
				GCC_OPTIMIZATION_LEVEL = 0;
				GCC_PREPROCESSOR_DEFINITIONS = (
					"DEBUG=1",
					"$(inherited)",
				);
				GCC_WARN_64_TO_32_BIT_CONVERSION = YES;
				GCC_WARN_ABOUT_RETURN_TYPE = YES_ERROR;
				GCC_WARN_UNDECLARED_SELECTOR = YES;
				GCC_WARN_UNINITIALIZED_AUTOS = YES_AGGRESSIVE;
				GCC_WARN_UNUSED_FUNCTION = YES;
				GCC_WARN_UNUSED_VARIABLE = YES;
				IPHONEOS_DEPLOYMENT_TARGET = 16.4;
				MTL_ENABLE_DEBUG_INFO = INCLUDE_SOURCE;
				MTL_FAST_MATH = YES;
				ONLY_ACTIVE_ARCH = YES;
				SDKROOT = iphoneos;
				SWIFT_ACTIVE_COMPILATION_CONDITIONS = DEBUG;
				SWIFT_OPTIMIZATION_LEVEL = "-Onone";
			};
			name = Debug;
		};
		2F18C83129F57EB2002E058D /* Release */ = {
			isa = XCBuildConfiguration;
			buildSettings = {
				ALWAYS_SEARCH_USER_PATHS = NO;
				CLANG_ANALYZER_NONNULL = YES;
				CLANG_ANALYZER_NUMBER_OBJECT_CONVERSION = YES_AGGRESSIVE;
				CLANG_CXX_LANGUAGE_STANDARD = "gnu++20";
				CLANG_ENABLE_MODULES = YES;
				CLANG_ENABLE_OBJC_ARC = YES;
				CLANG_ENABLE_OBJC_WEAK = YES;
				CLANG_WARN_BLOCK_CAPTURE_AUTORELEASING = YES;
				CLANG_WARN_BOOL_CONVERSION = YES;
				CLANG_WARN_COMMA = YES;
				CLANG_WARN_CONSTANT_CONVERSION = YES;
				CLANG_WARN_DEPRECATED_OBJC_IMPLEMENTATIONS = YES;
				CLANG_WARN_DIRECT_OBJC_ISA_USAGE = YES_ERROR;
				CLANG_WARN_DOCUMENTATION_COMMENTS = YES;
				CLANG_WARN_EMPTY_BODY = YES;
				CLANG_WARN_ENUM_CONVERSION = YES;
				CLANG_WARN_INFINITE_RECURSION = YES;
				CLANG_WARN_INT_CONVERSION = YES;
				CLANG_WARN_NON_LITERAL_NULL_CONVERSION = YES;
				CLANG_WARN_OBJC_IMPLICIT_RETAIN_SELF = YES;
				CLANG_WARN_OBJC_LITERAL_CONVERSION = YES;
				CLANG_WARN_OBJC_ROOT_CLASS = YES_ERROR;
				CLANG_WARN_QUOTED_INCLUDE_IN_FRAMEWORK_HEADER = YES;
				CLANG_WARN_RANGE_LOOP_ANALYSIS = YES;
				CLANG_WARN_STRICT_PROTOTYPES = YES;
				CLANG_WARN_SUSPICIOUS_MOVE = YES;
				CLANG_WARN_UNGUARDED_AVAILABILITY = YES_AGGRESSIVE;
				CLANG_WARN_UNREACHABLE_CODE = YES;
				CLANG_WARN__DUPLICATE_METHOD_MATCH = YES;
				COPY_PHASE_STRIP = NO;
				DEBUG_INFORMATION_FORMAT = "dwarf-with-dsym";
				ENABLE_NS_ASSERTIONS = NO;
				ENABLE_STRICT_OBJC_MSGSEND = YES;
				GCC_C_LANGUAGE_STANDARD = gnu11;
				GCC_NO_COMMON_BLOCKS = YES;
				GCC_WARN_64_TO_32_BIT_CONVERSION = YES;
				GCC_WARN_ABOUT_RETURN_TYPE = YES_ERROR;
				GCC_WARN_UNDECLARED_SELECTOR = YES;
				GCC_WARN_UNINITIALIZED_AUTOS = YES_AGGRESSIVE;
				GCC_WARN_UNUSED_FUNCTION = YES;
				GCC_WARN_UNUSED_VARIABLE = YES;
				IPHONEOS_DEPLOYMENT_TARGET = 16.4;
				MTL_ENABLE_DEBUG_INFO = NO;
				MTL_FAST_MATH = YES;
				SDKROOT = iphoneos;
				SWIFT_COMPILATION_MODE = wholemodule;
				SWIFT_OPTIMIZATION_LEVEL = "-O";
				VALIDATE_PRODUCT = YES;
			};
			name = Release;
		};
		2F18C83329F57EB2002E058D /* Debug */ = {
			isa = XCBuildConfiguration;
			buildSettings = {
				ASSETCATALOG_COMPILER_APPICON_NAME = AppIcon;
				ASSETCATALOG_COMPILER_GLOBAL_ACCENT_COLOR_NAME = AccentColor;
				CODE_SIGN_STYLE = Automatic;
				CURRENT_PROJECT_VERSION = 1;
				DEVELOPMENT_ASSET_PATHS = "\"MovieCompanion/Preview Content\"";
				DEVELOPMENT_TEAM = XKX48LY2U8;
				ENABLE_PREVIEWS = YES;
				GENERATE_INFOPLIST_FILE = YES;
				INFOPLIST_FILE = MovieCompanion/Info.plist;
				INFOPLIST_KEY_CFBundleDisplayName = "My Movie Companion";
				INFOPLIST_KEY_UIApplicationSceneManifest_Generation = YES;
				INFOPLIST_KEY_UIApplicationSupportsIndirectInputEvents = YES;
				INFOPLIST_KEY_UISupportedInterfaceOrientations_iPad = "UIInterfaceOrientationPortrait UIInterfaceOrientationPortraitUpsideDown UIInterfaceOrientationLandscapeLeft UIInterfaceOrientationLandscapeRight";
				INFOPLIST_KEY_UISupportedInterfaceOrientations_iPhone = "UIInterfaceOrientationPortrait UIInterfaceOrientationLandscapeLeft UIInterfaceOrientationLandscapeRight";
				LD_RUNPATH_SEARCH_PATHS = (
					"$(inherited)",
					"@executable_path/Frameworks",
				);
				MARKETING_VERSION = 1.0;
				PRODUCT_BUNDLE_IDENTIFIER = com.Martin.MovieCompanion;
				PRODUCT_NAME = "$(TARGET_NAME)";
				SWIFT_EMIT_LOC_STRINGS = YES;
				SWIFT_VERSION = 5.0;
				TARGETED_DEVICE_FAMILY = "1,2";
			};
			name = Debug;
		};
		2F18C83429F57EB2002E058D /* Release */ = {
			isa = XCBuildConfiguration;
			buildSettings = {
				ASSETCATALOG_COMPILER_APPICON_NAME = AppIcon;
				ASSETCATALOG_COMPILER_GLOBAL_ACCENT_COLOR_NAME = AccentColor;
				CODE_SIGN_STYLE = Automatic;
				CURRENT_PROJECT_VERSION = 1;
				DEVELOPMENT_ASSET_PATHS = "\"MovieCompanion/Preview Content\"";
				DEVELOPMENT_TEAM = XKX48LY2U8;
				ENABLE_PREVIEWS = YES;
				GENERATE_INFOPLIST_FILE = YES;
				INFOPLIST_FILE = MovieCompanion/Info.plist;
				INFOPLIST_KEY_CFBundleDisplayName = "My Movie Companion";
				INFOPLIST_KEY_UIApplicationSceneManifest_Generation = YES;
				INFOPLIST_KEY_UIApplicationSupportsIndirectInputEvents = YES;
				INFOPLIST_KEY_UISupportedInterfaceOrientations_iPad = "UIInterfaceOrientationPortrait UIInterfaceOrientationPortraitUpsideDown UIInterfaceOrientationLandscapeLeft UIInterfaceOrientationLandscapeRight";
				INFOPLIST_KEY_UISupportedInterfaceOrientations_iPhone = "UIInterfaceOrientationPortrait UIInterfaceOrientationLandscapeLeft UIInterfaceOrientationLandscapeRight";
				LD_RUNPATH_SEARCH_PATHS = (
					"$(inherited)",
					"@executable_path/Frameworks",
				);
				MARKETING_VERSION = 1.0;
				PRODUCT_BUNDLE_IDENTIFIER = com.Martin.MovieCompanion;
				PRODUCT_NAME = "$(TARGET_NAME)";
				SWIFT_EMIT_LOC_STRINGS = YES;
				SWIFT_VERSION = 5.0;
				TARGETED_DEVICE_FAMILY = "1,2";
			};
			name = Release;
		};
/* End XCBuildConfiguration section */

/* Begin XCConfigurationList section */
		2F18C81F29F57EB0002E058D /* Build configuration list for PBXProject "MovieCompanion" */ = {
			isa = XCConfigurationList;
			buildConfigurations = (
				2F18C83029F57EB2002E058D /* Debug */,
				2F18C83129F57EB2002E058D /* Release */,
			);
			defaultConfigurationIsVisible = 0;
			defaultConfigurationName = Release;
		};
		2F18C83229F57EB2002E058D /* Build configuration list for PBXNativeTarget "MovieCompanion" */ = {
			isa = XCConfigurationList;
			buildConfigurations = (
				2F18C83329F57EB2002E058D /* Debug */,
				2F18C83429F57EB2002E058D /* Release */,
			);
			defaultConfigurationIsVisible = 0;
			defaultConfigurationName = Release;
		};
/* End XCConfigurationList section */
	};
	rootObject = 2F18C81C29F57EB0002E058D /* Project object */;
}
